// !$*UTF8*$!
{
	archiveVersion = 1;
	classes = {
	};
	objectVersion = 46;
	objects = {

/* Begin PBXBuildFile section */
		8A3C293916FC702700EAAA00 /* UIKit.framework in Frameworks */ = {isa = PBXBuildFile; fileRef = 8A3C293816FC702700EAAA00 /* UIKit.framework */; };
		8A3C293B16FC702700EAAA00 /* Foundation.framework in Frameworks */ = {isa = PBXBuildFile; fileRef = 8A3C293A16FC702700EAAA00 /* Foundation.framework */; };
		8A3C293D16FC702700EAAA00 /* CoreGraphics.framework in Frameworks */ = {isa = PBXBuildFile; fileRef = 8A3C293C16FC702700EAAA00 /* CoreGraphics.framework */; };
		8A3C294316FC702700EAAA00 /* InfoPlist.strings in Resources */ = {isa = PBXBuildFile; fileRef = 8A3C294116FC702700EAAA00 /* InfoPlist.strings */; };
		8A3C294516FC702700EAAA00 /* main.m in Sources */ = {isa = PBXBuildFile; fileRef = 8A3C294416FC702700EAAA00 /* main.m */; };
		8A3C294916FC702700EAAA00 /* AppDelegate.m in Sources */ = {isa = PBXBuildFile; fileRef = 8A3C294816FC702700EAAA00 /* AppDelegate.m */; };
		8A3C294B16FC702800EAAA00 /* Default.png in Resources */ = {isa = PBXBuildFile; fileRef = 8A3C294A16FC702700EAAA00 /* Default.png */; };
		8A3C294D16FC702800EAAA00 /* Default@2x.png in Resources */ = {isa = PBXBuildFile; fileRef = 8A3C294C16FC702800EAAA00 /* Default@2x.png */; };
		8A3C294F16FC702800EAAA00 /* Default-568h@2x.png in Resources */ = {isa = PBXBuildFile; fileRef = 8A3C294E16FC702800EAAA00 /* Default-568h@2x.png */; };
		8A3C295E16FC712000EAAA00 /* MasterViewController.m in Sources */ = {isa = PBXBuildFile; fileRef = 8A3C295C16FC712000EAAA00 /* MasterViewController.m */; };
		8A3C295F16FC712000EAAA00 /* MasterViewController.xib in Resources */ = {isa = PBXBuildFile; fileRef = 8A3C295D16FC712000EAAA00 /* MasterViewController.xib */; };
		8A3C296316FC716E00EAAA00 /* SecondViewController.m in Sources */ = {isa = PBXBuildFile; fileRef = 8A3C296116FC716E00EAAA00 /* SecondViewController.m */; };
		8A3C296416FC716E00EAAA00 /* SecondViewController.xib in Resources */ = {isa = PBXBuildFile; fileRef = 8A3C296216FC716E00EAAA00 /* SecondViewController.xib */; };
		8A3C296816FC71F700EAAA00 /* ThirdViewController.m in Sources */ = {isa = PBXBuildFile; fileRef = 8A3C296616FC71F700EAAA00 /* ThirdViewController.m */; };
		8A3C296916FC71F700EAAA00 /* ThirdViewController.xib in Resources */ = {isa = PBXBuildFile; fileRef = 8A3C296716FC71F700EAAA00 /* ThirdViewController.xib */; };
		8A3C296D16FC722B00EAAA00 /* DetailViewController.m in Sources */ = {isa = PBXBuildFile; fileRef = 8A3C296B16FC722B00EAAA00 /* DetailViewController.m */; };
		8A3C296E16FC722B00EAAA00 /* DetailViewController.xib in Resources */ = {isa = PBXBuildFile; fileRef = 8A3C296C16FC722B00EAAA00 /* DetailViewController.xib */; };
/* End PBXBuildFile section */

/* Begin PBXFileReference section */
		8A3C293516FC702700EAAA00 /* TBSV.app */ = {isa = PBXFileReference; explicitFileType = wrapper.application; includeInIndex = 0; path = TBSV.app; sourceTree = BUILT_PRODUCTS_DIR; };
		8A3C293816FC702700EAAA00 /* UIKit.framework */ = {isa = PBXFileReference; lastKnownFileType = wrapper.framework; name = UIKit.framework; path = System/Library/Frameworks/UIKit.framework; sourceTree = SDKROOT; };
		8A3C293A16FC702700EAAA00 /* Foundation.framework */ = {isa = PBXFileReference; lastKnownFileType = wrapper.framework; name = Foundation.framework; path = System/Library/Frameworks/Foundation.framework; sourceTree = SDKROOT; };
		8A3C293C16FC702700EAAA00 /* CoreGraphics.framework */ = {isa = PBXFileReference; lastKnownFileType = wrapper.framework; name = CoreGraphics.framework; path = System/Library/Frameworks/CoreGraphics.framework; sourceTree = SDKROOT; };
		8A3C294016FC702700EAAA00 /* TBSV-Info.plist */ = {isa = PBXFileReference; lastKnownFileType = text.plist.xml; path = "TBSV-Info.plist"; sourceTree = "<group>"; };
		8A3C294216FC702700EAAA00 /* en */ = {isa = PBXFileReference; lastKnownFileType = text.plist.strings; name = en; path = en.lproj/InfoPlist.strings; sourceTree = "<group>"; };
		8A3C294416FC702700EAAA00 /* main.m */ = {isa = PBXFileReference; lastKnownFileType = sourcecode.c.objc; path = main.m; sourceTree = "<group>"; };
		8A3C294616FC702700EAAA00 /* TBSV-Prefix.pch */ = {isa = PBXFileReference; lastKnownFileType = sourcecode.c.h; path = "TBSV-Prefix.pch"; sourceTree = "<group>"; };
		8A3C294716FC702700EAAA00 /* AppDelegate.h */ = {isa = PBXFileReference; lastKnownFileType = sourcecode.c.h; path = AppDelegate.h; sourceTree = "<group>"; };
		8A3C294816FC702700EAAA00 /* AppDelegate.m */ = {isa = PBXFileReference; lastKnownFileType = sourcecode.c.objc; path = AppDelegate.m; sourceTree = "<group>"; };
		8A3C294A16FC702700EAAA00 /* Default.png */ = {isa = PBXFileReference; lastKnownFileType = image.png; path = Default.png; sourceTree = "<group>"; };
		8A3C294C16FC702800EAAA00 /* Default@2x.png */ = {isa = PBXFileReference; lastKnownFileType = image.png; path = "Default@2x.png"; sourceTree = "<group>"; };
		8A3C294E16FC702800EAAA00 /* Default-568h@2x.png */ = {isa = PBXFileReference; lastKnownFileType = image.png; path = "Default-568h@2x.png"; sourceTree = "<group>"; };
		8A3C295B16FC712000EAAA00 /* MasterViewController.h */ = {isa = PBXFileReference; fileEncoding = 4; lastKnownFileType = sourcecode.c.h; path = MasterViewController.h; sourceTree = "<group>"; };
		8A3C295C16FC712000EAAA00 /* MasterViewController.m */ = {isa = PBXFileReference; fileEncoding = 4; lastKnownFileType = sourcecode.c.objc; path = MasterViewController.m; sourceTree = "<group>"; };
		8A3C295D16FC712000EAAA00 /* MasterViewController.xib */ = {isa = PBXFileReference; fileEncoding = 4; lastKnownFileType = file.xib; path = MasterViewController.xib; sourceTree = "<group>"; };
		8A3C296016FC716E00EAAA00 /* SecondViewController.h */ = {isa = PBXFileReference; fileEncoding = 4; lastKnownFileType = sourcecode.c.h; path = SecondViewController.h; sourceTree = "<group>"; };
		8A3C296116FC716E00EAAA00 /* SecondViewController.m */ = {isa = PBXFileReference; fileEncoding = 4; lastKnownFileType = sourcecode.c.objc; path = SecondViewController.m; sourceTree = "<group>"; };
		8A3C296216FC716E00EAAA00 /* SecondViewController.xib */ = {isa = PBXFileReference; fileEncoding = 4; lastKnownFileType = file.xib; path = SecondViewController.xib; sourceTree = "<group>"; };
		8A3C296516FC71F700EAAA00 /* ThirdViewController.h */ = {isa = PBXFileReference; fileEncoding = 4; lastKnownFileType = sourcecode.c.h; path = ThirdViewController.h; sourceTree = "<group>"; };
		8A3C296616FC71F700EAAA00 /* ThirdViewController.m */ = {isa = PBXFileReference; fileEncoding = 4; lastKnownFileType = sourcecode.c.objc; path = ThirdViewController.m; sourceTree = "<group>"; };
		8A3C296716FC71F700EAAA00 /* ThirdViewController.xib */ = {isa = PBXFileReference; fileEncoding = 4; lastKnownFileType = file.xib; path = ThirdViewController.xib; sourceTree = "<group>"; };
		8A3C296A16FC722B00EAAA00 /* DetailViewController.h */ = {isa = PBXFileReference; fileEncoding = 4; lastKnownFileType = sourcecode.c.h; path = DetailViewController.h; sourceTree = "<group>"; };
		8A3C296B16FC722B00EAAA00 /* DetailViewController.m */ = {isa = PBXFileReference; fileEncoding = 4; lastKnownFileType = sourcecode.c.objc; path = DetailViewController.m; sourceTree = "<group>"; };
		8A3C296C16FC722B00EAAA00 /* DetailViewController.xib */ = {isa = PBXFileReference; fileEncoding = 4; lastKnownFileType = file.xib; path = DetailViewController.xib; sourceTree = "<group>"; };
/* End PBXFileReference section */

/* Begin PBXFrameworksBuildPhase section */
		8A3C293216FC702700EAAA00 /* Frameworks */ = {
			isa = PBXFrameworksBuildPhase;
			buildActionMask = 2147483647;
			files = (
				8A3C293916FC702700EAAA00 /* UIKit.framework in Frameworks */,
				8A3C293B16FC702700EAAA00 /* Foundation.framework in Frameworks */,
				8A3C293D16FC702700EAAA00 /* CoreGraphics.framework in Frameworks */,
			);
			runOnlyForDeploymentPostprocessing = 0;
		};
/* End PBXFrameworksBuildPhase section */

/* Begin PBXGroup section */
		8A3C292C16FC702700EAAA00 = {
			isa = PBXGroup;
			children = (
				8A3C293E16FC702700EAAA00 /* TBSV */,
				8A3C293716FC702700EAAA00 /* Frameworks */,
				8A3C293616FC702700EAAA00 /* Products */,
			);
			sourceTree = "<group>";
		};
		8A3C293616FC702700EAAA00 /* Products */ = {
			isa = PBXGroup;
			children = (
				8A3C293516FC702700EAAA00 /* TBSV.app */,
			);
			name = Products;
			sourceTree = "<group>";
		};
		8A3C293716FC702700EAAA00 /* Frameworks */ = {
			isa = PBXGroup;
			children = (
				8A3C293816FC702700EAAA00 /* UIKit.framework */,
				8A3C293A16FC702700EAAA00 /* Foundation.framework */,
				8A3C293C16FC702700EAAA00 /* CoreGraphics.framework */,
			);
			name = Frameworks;
			sourceTree = "<group>";
		};
		8A3C293E16FC702700EAAA00 /* TBSV */ = {
			isa = PBXGroup;
			children = (
				8A3C294716FC702700EAAA00 /* AppDelegate.h */,
				8A3C294816FC702700EAAA00 /* AppDelegate.m */,
				8A3C296F16FC723B00EAAA00 /* ViewControllers */,
				8A3C293F16FC702700EAAA00 /* Supporting Files */,
			);
			path = TBSV;
			sourceTree = "<group>";
		};
		8A3C293F16FC702700EAAA00 /* Supporting Files */ = {
			isa = PBXGroup;
			children = (
				8A3C294016FC702700EAAA00 /* TBSV-Info.plist */,
				8A3C294116FC702700EAAA00 /* InfoPlist.strings */,
				8A3C294416FC702700EAAA00 /* main.m */,
				8A3C294616FC702700EAAA00 /* TBSV-Prefix.pch */,
				8A3C294A16FC702700EAAA00 /* Default.png */,
				8A3C294C16FC702800EAAA00 /* Default@2x.png */,
				8A3C294E16FC702800EAAA00 /* Default-568h@2x.png */,
			);
			name = "Supporting Files";
			sourceTree = "<group>";
		};
		8A3C296F16FC723B00EAAA00 /* ViewControllers */ = {
			isa = PBXGroup;
			children = (
				8A3C295B16FC712000EAAA00 /* MasterViewController.h */,
				8A3C295C16FC712000EAAA00 /* MasterViewController.m */,
				8A3C295D16FC712000EAAA00 /* MasterViewController.xib */,
				8A3C296A16FC722B00EAAA00 /* DetailViewController.h */,
				8A3C296B16FC722B00EAAA00 /* DetailViewController.m */,
				8A3C296C16FC722B00EAAA00 /* DetailViewController.xib */,
				8A3C296016FC716E00EAAA00 /* SecondViewController.h */,
				8A3C296116FC716E00EAAA00 /* SecondViewController.m */,
				8A3C296216FC716E00EAAA00 /* SecondViewController.xib */,
				8A3C296516FC71F700EAAA00 /* ThirdViewController.h */,
				8A3C296616FC71F700EAAA00 /* ThirdViewController.m */,
				8A3C296716FC71F700EAAA00 /* ThirdViewController.xib */,
			);
			name = ViewControllers;
			sourceTree = "<group>";
		};
/* End PBXGroup section */

/* Begin PBXNativeTarget section */
		8A3C293416FC702700EAAA00 /* TBSV */ = {
			isa = PBXNativeTarget;
			buildConfigurationList = 8A3C295816FC702800EAAA00 /* Build configuration list for PBXNativeTarget "TBSV" */;
			buildPhases = (
				8A3C293116FC702700EAAA00 /* Sources */,
				8A3C293216FC702700EAAA00 /* Frameworks */,
				8A3C293316FC702700EAAA00 /* Resources */,
			);
			buildRules = (
			);
			dependencies = (
			);
			name = TBSV;
			productName = TBSV;
			productReference = 8A3C293516FC702700EAAA00 /* TBSV.app */;
			productType = "com.apple.product-type.application";
		};
/* End PBXNativeTarget section */

/* Begin PBXProject section */
		8A3C292D16FC702700EAAA00 /* Project object */ = {
			isa = PBXProject;
			attributes = {
				LastUpgradeCheck = 0460;
				ORGANIZATIONNAME = "Alexey Golub";
			};
			buildConfigurationList = 8A3C293016FC702700EAAA00 /* Build configuration list for PBXProject "TBSV" */;
			compatibilityVersion = "Xcode 3.2";
			developmentRegion = English;
			hasScannedForEncodings = 0;
			knownRegions = (
				en,
			);
			mainGroup = 8A3C292C16FC702700EAAA00;
			productRefGroup = 8A3C293616FC702700EAAA00 /* Products */;
			projectDirPath = "";
			projectRoot = "";
			targets = (
				8A3C293416FC702700EAAA00 /* TBSV */,
			);
		};
/* End PBXProject section */

/* Begin PBXResourcesBuildPhase section */
		8A3C293316FC702700EAAA00 /* Resources */ = {
			isa = PBXResourcesBuildPhase;
			buildActionMask = 2147483647;
			files = (
				8A3C294316FC702700EAAA00 /* InfoPlist.strings in Resources */,
				8A3C294B16FC702800EAAA00 /* Default.png in Resources */,
				8A3C294D16FC702800EAAA00 /* Default@2x.png in Resources */,
				8A3C294F16FC702800EAAA00 /* Default-568h@2x.png in Resources */,
				8A3C295F16FC712000EAAA00 /* MasterViewController.xib in Resources */,
				8A3C296416FC716E00EAAA00 /* SecondViewController.xib in Resources */,
				8A3C296916FC71F700EAAA00 /* ThirdViewController.xib in Resources */,
				8A3C296E16FC722B00EAAA00 /* DetailViewController.xib in Resources */,
			);
			runOnlyForDeploymentPostprocessing = 0;
		};
/* End PBXResourcesBuildPhase section */

/* Begin PBXSourcesBuildPhase section */
		8A3C293116FC702700EAAA00 /* Sources */ = {
			isa = PBXSourcesBuildPhase;
			buildActionMask = 2147483647;
			files = (
				8A3C294516FC702700EAAA00 /* main.m in Sources */,
				8A3C294916FC702700EAAA00 /* AppDelegate.m in Sources */,
				8A3C295E16FC712000EAAA00 /* MasterViewController.m in Sources */,
				8A3C296316FC716E00EAAA00 /* SecondViewController.m in Sources */,
				8A3C296816FC71F700EAAA00 /* ThirdViewController.m in Sources */,
				8A3C296D16FC722B00EAAA00 /* DetailViewController.m in Sources */,
			);
			runOnlyForDeploymentPostprocessing = 0;
		};
/* End PBXSourcesBuildPhase section */

/* Begin PBXVariantGroup section */
		8A3C294116FC702700EAAA00 /* InfoPlist.strings */ = {
			isa = PBXVariantGroup;
			children = (
				8A3C294216FC702700EAAA00 /* en */,
			);
			name = InfoPlist.strings;
			sourceTree = "<group>";
		};
/* End PBXVariantGroup section */

/* Begin XCBuildConfiguration section */
		8A3C295616FC702800EAAA00 /* Debug */ = {
			isa = XCBuildConfiguration;
			buildSettings = {
				ALWAYS_SEARCH_USER_PATHS = NO;
				CLANG_CXX_LANGUAGE_STANDARD = "gnu++0x";
				CLANG_CXX_LIBRARY = "libc++";
				CLANG_ENABLE_OBJC_ARC = YES;
				CLANG_WARN_CONSTANT_CONVERSION = YES;
				CLANG_WARN_EMPTY_BODY = YES;
				CLANG_WARN_ENUM_CONVERSION = YES;
				CLANG_WARN_INT_CONVERSION = YES;
				CLANG_WARN__DUPLICATE_METHOD_MATCH = YES;
				"CODE_SIGN_IDENTITY[sdk=iphoneos*]" = "iPhone Developer";
				COPY_PHASE_STRIP = NO;
				GCC_C_LANGUAGE_STANDARD = gnu99;
				GCC_DYNAMIC_NO_PIC = NO;
				GCC_OPTIMIZATION_LEVEL = 0;
				GCC_PREPROCESSOR_DEFINITIONS = (
					"DEBUG=1",
					"$(inherited)",
				);
				GCC_SYMBOLS_PRIVATE_EXTERN = NO;
				GCC_WARN_ABOUT_RETURN_TYPE = YES;
				GCC_WARN_UNINITIALIZED_AUTOS = YES;
				GCC_WARN_UNUSED_VARIABLE = YES;
				IPHONEOS_DEPLOYMENT_TARGET = 6.1;
				ONLY_ACTIVE_ARCH = YES;
				SDKROOT = iphoneos;
				TARGETED_DEVICE_FAMILY = 2;
			};
			name = Debug;
		};
		8A3C295716FC702800EAAA00 /* Release */ = {
			isa = XCBuildConfiguration;
			buildSettings = {
				ALWAYS_SEARCH_USER_PATHS = NO;
				CLANG_CXX_LANGUAGE_STANDARD = "gnu++0x";
				CLANG_CXX_LIBRARY = "libc++";
				CLANG_ENABLE_OBJC_ARC = YES;
				CLANG_WARN_CONSTANT_CONVERSION = YES;
				CLANG_WARN_EMPTY_BODY = YES;
				CLANG_WARN_ENUM_CONVERSION = YES;
				CLANG_WARN_INT_CONVERSION = YES;
				CLANG_WARN__DUPLICATE_METHOD_MATCH = YES;
				"CODE_SIGN_IDENTITY[sdk=iphoneos*]" = "iPhone Developer";
				COPY_PHASE_STRIP = YES;
				GCC_C_LANGUAGE_STANDARD = gnu99;
				GCC_WARN_ABOUT_RETURN_TYPE = YES;
				GCC_WARN_UNINITIALIZED_AUTOS = YES;
				GCC_WARN_UNUSED_VARIABLE = YES;
				IPHONEOS_DEPLOYMENT_TARGET = 6.1;
				OTHER_CFLAGS = "-DNS_BLOCK_ASSERTIONS=1";
				SDKROOT = iphoneos;
				TARGETED_DEVICE_FAMILY = 2;
				VALIDATE_PRODUCT = YES;
			};
			name = Release;
		};
		8A3C295916FC702800EAAA00 /* Debug */ = {
			isa = XCBuildConfiguration;
			buildSettings = {
				GCC_PRECOMPILE_PREFIX_HEADER = YES;
				GCC_PREFIX_HEADER = "TBSV/TBSV-Prefix.pch";
				INFOPLIST_FILE = "TBSV/TBSV-Info.plist";
				IPHONEOS_DEPLOYMENT_TARGET = 5.0;
				PRODUCT_NAME = "$(TARGET_NAME)";
				WRAPPER_EXTENSION = app;
			};
			name = Debug;
		};
		8A3C295A16FC702800EAAA00 /* Release */ = {
			isa = XCBuildConfiguration;
			buildSettings = {
				GCC_PRECOMPILE_PREFIX_HEADER = YES;
				GCC_PREFIX_HEADER = "TBSV/TBSV-Prefix.pch";
				INFOPLIST_FILE = "TBSV/TBSV-Info.plist";
				IPHONEOS_DEPLOYMENT_TARGET = 5.0;
				PRODUCT_NAME = "$(TARGET_NAME)";
				WRAPPER_EXTENSION = app;
			};
			name = Release;
		};
/* End XCBuildConfiguration section */

/* Begin XCConfigurationList section */
		8A3C293016FC702700EAAA00 /* Build configuration list for PBXProject "TBSV" */ = {
			isa = XCConfigurationList;
			buildConfigurations = (
				8A3C295616FC702800EAAA00 /* Debug */,
				8A3C295716FC702800EAAA00 /* Release */,
			);
			defaultConfigurationIsVisible = 0;
			defaultConfigurationName = Release;
		};
		8A3C295816FC702800EAAA00 /* Build configuration list for PBXNativeTarget "TBSV" */ = {
			isa = XCConfigurationList;
			buildConfigurations = (
				8A3C295916FC702800EAAA00 /* Debug */,
				8A3C295A16FC702800EAAA00 /* Release */,
			);
			defaultConfigurationIsVisible = 0;
		};
/* End XCConfigurationList section */
	};
	rootObject = 8A3C292D16FC702700EAAA00 /* Project object */;
}
